
Microsoft Visual Studio Solution File, Format Version 12.00
# Visual Studio Version 16
VisualStudioVersion = 16.0.30503.244
MinimumVisualStudioVersion = 10.0.40219.1
Project("{FAE04EC0-301F-11D3-BF4B-00C04F79EFBC}") = "lab3", "lab3.csproj", "{21A6D3A6-DD45-4C79-BBB2-AF5559767964}"
EndProject
Global
	GlobalSection(SolutionConfigurationPlatforms) = preSolution
		Debug|Any CPU = Debug|Any CPU
		Release|Any CPU = Release|Any CPU
	EndGlobalSection
	GlobalSection(ProjectConfigurationPlatforms) = postSolution
		{21A6D3A6-DD45-4C79-BBB2-AF5559767964}.Debug|Any CPU.ActiveCfg = Debug|Any CPU
		{21A6D3A6-DD45-4C79-BBB2-AF5559767964}.Debug|Any CPU.Build.0 = Debug|Any CPU
		{21A6D3A6-DD45-4C79-BBB2-AF5559767964}.Release|Any CPU.ActiveCfg = Release|Any CPU
		{21A6D3A6-DD45-4C79-BBB2-AF5559767964}.Release|Any CPU.Build.0 = Release|Any CPU
	EndGlobalSection
	GlobalSection(SolutionProperties) = preSolution
		HideSolutionNode = FALSE
	EndGlobalSection
	GlobalSection(ExtensibilityGlobals) = postSolution
		SolutionGuid = {B4A12CFD-29E7-4235-A773-8FA86B95E7CF}
	EndGlobalSection
EndGlobal
